
Microsoft Visual Studio Solution File, Format Version 12.00
# Visual Studio 14
VisualStudioVersion = 14.0.25420.1
MinimumVisualStudioVersion = 10.0.40219.1
Project("{FAE04EC0-301F-11D3-BF4B-00C04F79EFBC}") = "GoBot", "GoBot\GoBot.csproj", "{2B2AB0B0-DA2E-4C88-A57B-BCB8D57B12BF}"
EndProject
Project("{FAE04EC0-301F-11D3-BF4B-00C04F79EFBC}") = "Composants", "Composants\Composants.csproj", "{665AB15C-9620-4FAB-9DA7-10428A2B53AC}"
EndProject
Project("{D954291E-2A0B-460D-934E-DC6B0785DB48}") = "Extensions", "Extensions\Extensions.shproj", "{FD793CB5-D3A9-4FA9-8CF6-390D6475F2D6}"
EndProject
Global
	GlobalSection(SharedMSBuildProjectFiles) = preSolution
		Extensions\Extensions.projitems*{2b2ab0b0-da2e-4c88-a57b-bcb8d57b12bf}*SharedItemsImports = 4
		Extensions\Extensions.projitems*{665ab15c-9620-4fab-9da7-10428a2b53ac}*SharedItemsImports = 4
		Extensions\Extensions.projitems*{fd793cb5-d3a9-4fa9-8cf6-390d6475f2d6}*SharedItemsImports = 13
	EndGlobalSection
	GlobalSection(SolutionConfigurationPlatforms) = preSolution
		Debug|Any CPU = Debug|Any CPU
		Debug|Mixed Platforms = Debug|Mixed Platforms
		Debug|x86 = Debug|x86
		Release|Any CPU = Release|Any CPU
		Release|Mixed Platforms = Release|Mixed Platforms
		Release|x86 = Release|x86
	EndGlobalSection
	GlobalSection(ProjectConfigurationPlatforms) = postSolution
		{2B2AB0B0-DA2E-4C88-A57B-BCB8D57B12BF}.Debug|Any CPU.ActiveCfg = Debug|x86
		{2B2AB0B0-DA2E-4C88-A57B-BCB8D57B12BF}.Debug|Mixed Platforms.ActiveCfg = Debug|x86
		{2B2AB0B0-DA2E-4C88-A57B-BCB8D57B12BF}.Debug|Mixed Platforms.Build.0 = Debug|x86
		{2B2AB0B0-DA2E-4C88-A57B-BCB8D57B12BF}.Debug|x86.ActiveCfg = Debug|x86
		{2B2AB0B0-DA2E-4C88-A57B-BCB8D57B12BF}.Debug|x86.Build.0 = Debug|x86
		{2B2AB0B0-DA2E-4C88-A57B-BCB8D57B12BF}.Release|Any CPU.ActiveCfg = Release|x86
		{2B2AB0B0-DA2E-4C88-A57B-BCB8D57B12BF}.Release|Mixed Platforms.ActiveCfg = Release|x86
		{2B2AB0B0-DA2E-4C88-A57B-BCB8D57B12BF}.Release|Mixed Platforms.Build.0 = Release|x86
		{2B2AB0B0-DA2E-4C88-A57B-BCB8D57B12BF}.Release|x86.ActiveCfg = Release|x86
		{2B2AB0B0-DA2E-4C88-A57B-BCB8D57B12BF}.Release|x86.Build.0 = Release|x86
		{665AB15C-9620-4FAB-9DA7-10428A2B53AC}.Debug|Any CPU.ActiveCfg = Debug|Any CPU
		{665AB15C-9620-4FAB-9DA7-10428A2B53AC}.Debug|Any CPU.Build.0 = Debug|Any CPU
		{665AB15C-9620-4FAB-9DA7-10428A2B53AC}.Debug|Mixed Platforms.ActiveCfg = Debug|Any CPU
		{665AB15C-9620-4FAB-9DA7-10428A2B53AC}.Debug|Mixed Platforms.Build.0 = Debug|Any CPU
		{665AB15C-9620-4FAB-9DA7-10428A2B53AC}.Debug|x86.ActiveCfg = Debug|Any CPU
		{665AB15C-9620-4FAB-9DA7-10428A2B53AC}.Release|Any CPU.ActiveCfg = Release|Any CPU
		{665AB15C-9620-4FAB-9DA7-10428A2B53AC}.Release|Any CPU.Build.0 = Release|Any CPU
		{665AB15C-9620-4FAB-9DA7-10428A2B53AC}.Release|Mixed Platforms.ActiveCfg = Release|Any CPU
		{665AB15C-9620-4FAB-9DA7-10428A2B53AC}.Release|Mixed Platforms.Build.0 = Release|Any CPU
		{665AB15C-9620-4FAB-9DA7-10428A2B53AC}.Release|x86.ActiveCfg = Release|Any CPU
	EndGlobalSection
	GlobalSection(SolutionProperties) = preSolution
		HideSolutionNode = FALSE
	EndGlobalSection
EndGlobal
